// !$*UTF8*$!
{
	archiveVersion = 1;
	classes = {
	};
	objectVersion = 55;
	objects = {

/* Begin PBXBuildFile section */
		CCFCF3DA2754DC0F0073C644 /* AppDelegate.swift in Sources */ = {isa = PBXBuildFile; fileRef = CCFCF3D92754DC0F0073C644 /* AppDelegate.swift */; };
		CCFCF3DC2754DC0F0073C644 /* SceneDelegate.swift in Sources */ = {isa = PBXBuildFile; fileRef = CCFCF3DB2754DC0F0073C644 /* SceneDelegate.swift */; };
		CCFCF3DE2754DC0F0073C644 /* ViewController.swift in Sources */ = {isa = PBXBuildFile; fileRef = CCFCF3DD2754DC0F0073C644 /* ViewController.swift */; };
		CCFCF3E12754DC0F0073C644 /* Main.storyboard in Resources */ = {isa = PBXBuildFile; fileRef = CCFCF3DF2754DC0F0073C644 /* Main.storyboard */; };
		CCFCF3E32754DC110073C644 /* Assets.xcassets in Resources */ = {isa = PBXBuildFile; fileRef = CCFCF3E22754DC110073C644 /* Assets.xcassets */; };
		CCFCF3E62754DC110073C644 /* LaunchScreen.storyboard in Resources */ = {isa = PBXBuildFile; fileRef = CCFCF3E42754DC110073C644 /* LaunchScreen.storyboard */; };
		CCFCF3F12754DC110073C644 /* IOSQuizTests.swift in Sources */ = {isa = PBXBuildFile; fileRef = CCFCF3F02754DC110073C644 /* IOSQuizTests.swift */; };
		CCFCF3FB2754DC110073C644 /* IOSQuizUITests.swift in Sources */ = {isa = PBXBuildFile; fileRef = CCFCF3FA2754DC110073C644 /* IOSQuizUITests.swift */; };
		CCFCF3FD2754DC110073C644 /* IOSQuizUITestsLaunchTests.swift in Sources */ = {isa = PBXBuildFile; fileRef = CCFCF3FC2754DC110073C644 /* IOSQuizUITestsLaunchTests.swift */; };
/* End PBXBuildFile section */

/* Begin PBXContainerItemProxy section */
		CCFCF3ED2754DC110073C644 /* PBXContainerItemProxy */ = {
			isa = PBXContainerItemProxy;
			containerPortal = CCFCF3CE2754DC0F0073C644 /* Project object */;
			proxyType = 1;
			remoteGlobalIDString = CCFCF3D52754DC0F0073C644;
			remoteInfo = IOSQuiz;
		};
		CCFCF3F72754DC110073C644 /* PBXContainerItemProxy */ = {
			isa = PBXContainerItemProxy;
			containerPortal = CCFCF3CE2754DC0F0073C644 /* Project object */;
			proxyType = 1;
			remoteGlobalIDString = CCFCF3D52754DC0F0073C644;
			remoteInfo = IOSQuiz;
		};
/* End PBXContainerItemProxy section */

/* Begin PBXFileReference section */
		CCFCF3D62754DC0F0073C644 /* IOSQuiz.app */ = {isa = PBXFileReference; explicitFileType = wrapper.application; includeInIndex = 0; path = IOSQuiz.app; sourceTree = BUILT_PRODUCTS_DIR; };
		CCFCF3D92754DC0F0073C644 /* AppDelegate.swift */ = {isa = PBXFileReference; lastKnownFileType = sourcecode.swift; path = AppDelegate.swift; sourceTree = "<group>"; };
		CCFCF3DB2754DC0F0073C644 /* SceneDelegate.swift */ = {isa = PBXFileReference; lastKnownFileType = sourcecode.swift; path = SceneDelegate.swift; sourceTree = "<group>"; };
		CCFCF3DD2754DC0F0073C644 /* ViewController.swift */ = {isa = PBXFileReference; lastKnownFileType = sourcecode.swift; path = ViewController.swift; sourceTree = "<group>"; };
		CCFCF3E02754DC0F0073C644 /* Base */ = {isa = PBXFileReference; lastKnownFileType = file.storyboard; name = Base; path = Base.lproj/Main.storyboard; sourceTree = "<group>"; };
		CCFCF3E22754DC110073C644 /* Assets.xcassets */ = {isa = PBXFileReference; lastKnownFileType = folder.assetcatalog; path = Assets.xcassets; sourceTree = "<group>"; };
		CCFCF3E52754DC110073C644 /* Base */ = {isa = PBXFileReference; lastKnownFileType = file.storyboard; name = Base; path = Base.lproj/LaunchScreen.storyboard; sourceTree = "<group>"; };
		CCFCF3E72754DC110073C644 /* Info.plist */ = {isa = PBXFileReference; lastKnownFileType = text.plist.xml; path = Info.plist; sourceTree = "<group>"; };
		CCFCF3EC2754DC110073C644 /* IOSQuizTests.xctest */ = {isa = PBXFileReference; explicitFileType = wrapper.cfbundle; includeInIndex = 0; path = IOSQuizTests.xctest; sourceTree = BUILT_PRODUCTS_DIR; };
		CCFCF3F02754DC110073C644 /* IOSQuizTests.swift */ = {isa = PBXFileReference; lastKnownFileType = sourcecode.swift; path = IOSQuizTests.swift; sourceTree = "<group>"; };
		CCFCF3F62754DC110073C644 /* IOSQuizUITests.xctest */ = {isa = PBXFileReference; explicitFileType = wrapper.cfbundle; includeInIndex = 0; path = IOSQuizUITests.xctest; sourceTree = BUILT_PRODUCTS_DIR; };
		CCFCF3FA2754DC110073C644 /* IOSQuizUITests.swift */ = {isa = PBXFileReference; lastKnownFileType = sourcecode.swift; path = IOSQuizUITests.swift; sourceTree = "<group>"; };
		CCFCF3FC2754DC110073C644 /* IOSQuizUITestsLaunchTests.swift */ = {isa = PBXFileReference; lastKnownFileType = sourcecode.swift; path = IOSQuizUITestsLaunchTests.swift; sourceTree = "<group>"; };
/* End PBXFileReference section */

/* Begin PBXFrameworksBuildPhase section */
		CCFCF3D32754DC0F0073C644 /* Frameworks */ = {
			isa = PBXFrameworksBuildPhase;
			buildActionMask = 2147483647;
			files = (
			);
			runOnlyForDeploymentPostprocessing = 0;
		};
		CCFCF3E92754DC110073C644 /* Frameworks */ = {
			isa = PBXFrameworksBuildPhase;
			buildActionMask = 2147483647;
			files = (
			);
			runOnlyForDeploymentPostprocessing = 0;
		};
		CCFCF3F32754DC110073C644 /* Frameworks */ = {
			isa = PBXFrameworksBuildPhase;
			buildActionMask = 2147483647;
			files = (
			);
			runOnlyForDeploymentPostprocessing = 0;
		};
/* End PBXFrameworksBuildPhase section */

/* Begin PBXGroup section */
		CCFCF3CD2754DC0F0073C644 = {
			isa = PBXGroup;
			children = (
				CCFCF3D82754DC0F0073C644 /* IOSQuiz */,
				CCFCF3EF2754DC110073C644 /* IOSQuizTests */,
				CCFCF3F92754DC110073C644 /* IOSQuizUITests */,
				CCFCF3D72754DC0F0073C644 /* Products */,
			);
			sourceTree = "<group>";
		};
		CCFCF3D72754DC0F0073C644 /* Products */ = {
			isa = PBXGroup;
			children = (
				CCFCF3D62754DC0F0073C644 /* IOSQuiz.app */,
				CCFCF3EC2754DC110073C644 /* IOSQuizTests.xctest */,
				CCFCF3F62754DC110073C644 /* IOSQuizUITests.xctest */,
			);
			name = Products;
			sourceTree = "<group>";
		};
		CCFCF3D82754DC0F0073C644 /* IOSQuiz */ = {
			isa = PBXGroup;
			children = (
				CCFCF3D92754DC0F0073C644 /* AppDelegate.swift */,
				CCFCF3DB2754DC0F0073C644 /* SceneDelegate.swift */,
				CCFCF3DD2754DC0F0073C644 /* ViewController.swift */,
				CCFCF3DF2754DC0F0073C644 /* Main.storyboard */,
				CCFCF3E22754DC110073C644 /* Assets.xcassets */,
				CCFCF3E42754DC110073C644 /* LaunchScreen.storyboard */,
				CCFCF3E72754DC110073C644 /* Info.plist */,
			);
			path = IOSQuiz;
			sourceTree = "<group>";
		};
		CCFCF3EF2754DC110073C644 /* IOSQuizTests */ = {
			isa = PBXGroup;
			children = (
				CCFCF3F02754DC110073C644 /* IOSQuizTests.swift */,
			);
			path = IOSQuizTests;
			sourceTree = "<group>";
		};
		CCFCF3F92754DC110073C644 /* IOSQuizUITests */ = {
			isa = PBXGroup;
			children = (
				CCFCF3FA2754DC110073C644 /* IOSQuizUITests.swift */,
				CCFCF3FC2754DC110073C644 /* IOSQuizUITestsLaunchTests.swift */,
			);
			path = IOSQuizUITests;
			sourceTree = "<group>";
		};
/* End PBXGroup section */

/* Begin PBXNativeTarget section */
		CCFCF3D52754DC0F0073C644 /* IOSQuiz */ = {
			isa = PBXNativeTarget;
			buildConfigurationList = CCFCF4002754DC110073C644 /* Build configuration list for PBXNativeTarget "IOSQuiz" */;
			buildPhases = (
				CCFCF3D22754DC0F0073C644 /* Sources */,
				CCFCF3D32754DC0F0073C644 /* Frameworks */,
				CCFCF3D42754DC0F0073C644 /* Resources */,
			);
			buildRules = (
			);
			dependencies = (
			);
			name = IOSQuiz;
			productName = IOSQuiz;
			productReference = CCFCF3D62754DC0F0073C644 /* IOSQuiz.app */;
			productType = "com.apple.product-type.application";
		};
		CCFCF3EB2754DC110073C644 /* IOSQuizTests */ = {
			isa = PBXNativeTarget;
			buildConfigurationList = CCFCF4032754DC110073C644 /* Build configuration list for PBXNativeTarget "IOSQuizTests" */;
			buildPhases = (
				CCFCF3E82754DC110073C644 /* Sources */,
				CCFCF3E92754DC110073C644 /* Frameworks */,
				CCFCF3EA2754DC110073C644 /* Resources */,
			);
			buildRules = (
			);
			dependencies = (
				CCFCF3EE2754DC110073C644 /* PBXTargetDependency */,
			);
			name = IOSQuizTests;
			productName = IOSQuizTests;
			productReference = CCFCF3EC2754DC110073C644 /* IOSQuizTests.xctest */;
			productType = "com.apple.product-type.bundle.unit-test";
		};
		CCFCF3F52754DC110073C644 /* IOSQuizUITests */ = {
			isa = PBXNativeTarget;
			buildConfigurationList = CCFCF4062754DC110073C644 /* Build configuration list for PBXNativeTarget "IOSQuizUITests" */;
			buildPhases = (
				CCFCF3F22754DC110073C644 /* Sources */,
				CCFCF3F32754DC110073C644 /* Frameworks */,
				CCFCF3F42754DC110073C644 /* Resources */,
			);
			buildRules = (
			);
			dependencies = (
				CCFCF3F82754DC110073C644 /* PBXTargetDependency */,
			);
			name = IOSQuizUITests;
			productName = IOSQuizUITests;
			productReference = CCFCF3F62754DC110073C644 /* IOSQuizUITests.xctest */;
			productType = "com.apple.product-type.bundle.ui-testing";
		};
/* End PBXNativeTarget section */

/* Begin PBXProject section */
		CCFCF3CE2754DC0F0073C644 /* Project object */ = {
			isa = PBXProject;
			attributes = {
				BuildIndependentTargetsInParallel = 1;
				LastSwiftUpdateCheck = 1310;
				LastUpgradeCheck = 1310;
				TargetAttributes = {
					CCFCF3D52754DC0F0073C644 = {
						CreatedOnToolsVersion = 13.1;
					};
					CCFCF3EB2754DC110073C644 = {
						CreatedOnToolsVersion = 13.1;
						TestTargetID = CCFCF3D52754DC0F0073C644;
					};
					CCFCF3F52754DC110073C644 = {
						CreatedOnToolsVersion = 13.1;
						TestTargetID = CCFCF3D52754DC0F0073C644;
					};
				};
			};
			buildConfigurationList = CCFCF3D12754DC0F0073C644 /* Build configuration list for PBXProject "IOSQuiz" */;
			compatibilityVersion = "Xcode 13.0";
			developmentRegion = en;
			hasScannedForEncodings = 0;
			knownRegions = (
				en,
				Base,
			);
			mainGroup = CCFCF3CD2754DC0F0073C644;
			productRefGroup = CCFCF3D72754DC0F0073C644 /* Products */;
			projectDirPath = "";
			projectRoot = "";
			targets = (
				CCFCF3D52754DC0F0073C644 /* IOSQuiz */,
				CCFCF3EB2754DC110073C644 /* IOSQuizTests */,
				CCFCF3F52754DC110073C644 /* IOSQuizUITests */,
			);
		};
/* End PBXProject section */

/* Begin PBXResourcesBuildPhase section */
		CCFCF3D42754DC0F0073C644 /* Resources */ = {
			isa = PBXResourcesBuildPhase;
			buildActionMask = 2147483647;
			files = (
				CCFCF3E62754DC110073C644 /* LaunchScreen.storyboard in Resources */,
				CCFCF3E32754DC110073C644 /* Assets.xcassets in Resources */,
				CCFCF3E12754DC0F0073C644 /* Main.storyboard in Resources */,
			);
			runOnlyForDeploymentPostprocessing = 0;
		};
		CCFCF3EA2754DC110073C644 /* Resources */ = {
			isa = PBXResourcesBuildPhase;
			buildActionMask = 2147483647;
			files = (
			);
			runOnlyForDeploymentPostprocessing = 0;
		};
		CCFCF3F42754DC110073C644 /* Resources */ = {
			isa = PBXResourcesBuildPhase;
			buildActionMask = 2147483647;
			files = (
			);
			runOnlyForDeploymentPostprocessing = 0;
		};
/* End PBXResourcesBuildPhase section */

/* Begin PBXSourcesBuildPhase section */
		CCFCF3D22754DC0F0073C644 /* Sources */ = {
			isa = PBXSourcesBuildPhase;
			buildActionMask = 2147483647;
			files = (
				CCFCF3DE2754DC0F0073C644 /* ViewController.swift in Sources */,
				CCFCF3DA2754DC0F0073C644 /* AppDelegate.swift in Sources */,
				CCFCF3DC2754DC0F0073C644 /* SceneDelegate.swift in Sources */,
			);
			runOnlyForDeploymentPostprocessing = 0;
		};
		CCFCF3E82754DC110073C644 /* Sources */ = {
			isa = PBXSourcesBuildPhase;
			buildActionMask = 2147483647;
			files = (
				CCFCF3F12754DC110073C644 /* IOSQuizTests.swift in Sources */,
			);
			runOnlyForDeploymentPostprocessing = 0;
		};
		CCFCF3F22754DC110073C644 /* Sources */ = {
			isa = PBXSourcesBuildPhase;
			buildActionMask = 2147483647;
			files = (
				CCFCF3FB2754DC110073C644 /* IOSQuizUITests.swift in Sources */,
				CCFCF3FD2754DC110073C644 /* IOSQuizUITestsLaunchTests.swift in Sources */,
			);
			runOnlyForDeploymentPostprocessing = 0;
		};
/* End PBXSourcesBuildPhase section */

/* Begin PBXTargetDependency section */
		CCFCF3EE2754DC110073C644 /* PBXTargetDependency */ = {
			isa = PBXTargetDependency;
			target = CCFCF3D52754DC0F0073C644 /* IOSQuiz */;
			targetProxy = CCFCF3ED2754DC110073C644 /* PBXContainerItemProxy */;
		};
		CCFCF3F82754DC110073C644 /* PBXTargetDependency */ = {
			isa = PBXTargetDependency;
			target = CCFCF3D52754DC0F0073C644 /* IOSQuiz */;
			targetProxy = CCFCF3F72754DC110073C644 /* PBXContainerItemProxy */;
		};
/* End PBXTargetDependency section */

/* Begin PBXVariantGroup section */
		CCFCF3DF2754DC0F0073C644 /* Main.storyboard */ = {
			isa = PBXVariantGroup;
			children = (
				CCFCF3E02754DC0F0073C644 /* Base */,
			);
			name = Main.storyboard;
			sourceTree = "<group>";
		};
		CCFCF3E42754DC110073C644 /* LaunchScreen.storyboard */ = {
			isa = PBXVariantGroup;
			children = (
				CCFCF3E52754DC110073C644 /* Base */,
			);
			name = LaunchScreen.storyboard;
			sourceTree = "<group>";
		};
/* End PBXVariantGroup section */

/* Begin XCBuildConfiguration section */
		CCFCF3FE2754DC110073C644 /* Debug */ = {
			isa = XCBuildConfiguration;
			buildSettings = {
				ALWAYS_SEARCH_USER_PATHS = NO;
				CLANG_ANALYZER_NONNULL = YES;
				CLANG_ANALYZER_NUMBER_OBJECT_CONVERSION = YES_AGGRESSIVE;
				CLANG_CXX_LANGUAGE_STANDARD = "gnu++17";
				CLANG_CXX_LIBRARY = "libc++";
				CLANG_ENABLE_MODULES = YES;
				CLANG_ENABLE_OBJC_ARC = YES;
				CLANG_ENABLE_OBJC_WEAK = YES;
				CLANG_WARN_BLOCK_CAPTURE_AUTORELEASING = YES;
				CLANG_WARN_BOOL_CONVERSION = YES;
				CLANG_WARN_COMMA = YES;
				CLANG_WARN_CONSTANT_CONVERSION = YES;
				CLANG_WARN_DEPRECATED_OBJC_IMPLEMENTATIONS = YES;
				CLANG_WARN_DIRECT_OBJC_ISA_USAGE = YES_ERROR;
				CLANG_WARN_DOCUMENTATION_COMMENTS = YES;
				CLANG_WARN_EMPTY_BODY = YES;
				CLANG_WARN_ENUM_CONVERSION = YES;
				CLANG_WARN_INFINITE_RECURSION = YES;
				CLANG_WARN_INT_CONVERSION = YES;
				CLANG_WARN_NON_LITERAL_NULL_CONVERSION = YES;
				CLANG_WARN_OBJC_IMPLICIT_RETAIN_SELF = YES;
				CLANG_WARN_OBJC_LITERAL_CONVERSION = YES;
				CLANG_WARN_OBJC_ROOT_CLASS = YES_ERROR;
				CLANG_WARN_QUOTED_INCLUDE_IN_FRAMEWORK_HEADER = YES;
				CLANG_WARN_RANGE_LOOP_ANALYSIS = YES;
				CLANG_WARN_STRICT_PROTOTYPES = YES;
				CLANG_WARN_SUSPICIOUS_MOVE = YES;
				CLANG_WARN_UNGUARDED_AVAILABILITY = YES_AGGRESSIVE;
				CLANG_WARN_UNREACHABLE_CODE = YES;
				CLANG_WARN__DUPLICATE_METHOD_MATCH = YES;
				COPY_PHASE_STRIP = NO;
				DEBUG_INFORMATION_FORMAT = dwarf;
				ENABLE_STRICT_OBJC_MSGSEND = YES;
				ENABLE_TESTABILITY = YES;
				GCC_C_LANGUAGE_STANDARD = gnu11;
				GCC_DYNAMIC_NO_PIC = NO;
				GCC_NO_COMMON_BLOCKS = YES;
				GCC_OPTIMIZATION_LEVEL = 0;
				GCC_PREPROCESSOR_DEFINITIONS = (
					"DEBUG=1",
					"$(inherited)",
				);
				GCC_WARN_64_TO_32_BIT_CONVERSION = YES;
				GCC_WARN_ABOUT_RETURN_TYPE = YES_ERROR;
				GCC_WARN_UNDECLARED_SELECTOR = YES;
				GCC_WARN_UNINITIALIZED_AUTOS = YES_AGGRESSIVE;
				GCC_WARN_UNUSED_FUNCTION = YES;
				GCC_WARN_UNUSED_VARIABLE = YES;
				IPHONEOS_DEPLOYMENT_TARGET = 15.0;
				MTL_ENABLE_DEBUG_INFO = INCLUDE_SOURCE;
				MTL_FAST_MATH = YES;
				ONLY_ACTIVE_ARCH = YES;
				SDKROOT = iphoneos;
				SWIFT_ACTIVE_COMPILATION_CONDITIONS = DEBUG;
				SWIFT_OPTIMIZATION_LEVEL = "-Onone";
			};
			name = Debug;
		};
		CCFCF3FF2754DC110073C644 /* Release */ = {
			isa = XCBuildConfiguration;
			buildSettings = {
				ALWAYS_SEARCH_USER_PATHS = NO;
				CLANG_ANALYZER_NONNULL = YES;
				CLANG_ANALYZER_NUMBER_OBJECT_CONVERSION = YES_AGGRESSIVE;
				CLANG_CXX_LANGUAGE_STANDARD = "gnu++17";
				CLANG_CXX_LIBRARY = "libc++";
				CLANG_ENABLE_MODULES = YES;
				CLANG_ENABLE_OBJC_ARC = YES;
				CLANG_ENABLE_OBJC_WEAK = YES;
				CLANG_WARN_BLOCK_CAPTURE_AUTORELEASING = YES;
				CLANG_WARN_BOOL_CONVERSION = YES;
				CLANG_WARN_COMMA = YES;
				CLANG_WARN_CONSTANT_CONVERSION = YES;
				CLANG_WARN_DEPRECATED_OBJC_IMPLEMENTATIONS = YES;
				CLANG_WARN_DIRECT_OBJC_ISA_USAGE = YES_ERROR;
				CLANG_WARN_DOCUMENTATION_COMMENTS = YES;
				CLANG_WARN_EMPTY_BODY = YES;
				CLANG_WARN_ENUM_CONVERSION = YES;
				CLANG_WARN_INFINITE_RECURSION = YES;
				CLANG_WARN_INT_CONVERSION = YES;
				CLANG_WARN_NON_LITERAL_NULL_CONVERSION = YES;
				CLANG_WARN_OBJC_IMPLICIT_RETAIN_SELF = YES;
				CLANG_WARN_OBJC_LITERAL_CONVERSION = YES;
				CLANG_WARN_OBJC_ROOT_CLASS = YES_ERROR;
				CLANG_WARN_QUOTED_INCLUDE_IN_FRAMEWORK_HEADER = YES;
				CLANG_WARN_RANGE_LOOP_ANALYSIS = YES;
				CLANG_WARN_STRICT_PROTOTYPES = YES;
				CLANG_WARN_SUSPICIOUS_MOVE = YES;
				CLANG_WARN_UNGUARDED_AVAILABILITY = YES_AGGRESSIVE;
				CLANG_WARN_UNREACHABLE_CODE = YES;
				CLANG_WARN__DUPLICATE_METHOD_MATCH = YES;
				COPY_PHASE_STRIP = NO;
				DEBUG_INFORMATION_FORMAT = "dwarf-with-dsym";
				ENABLE_NS_ASSERTIONS = NO;
				ENABLE_STRICT_OBJC_MSGSEND = YES;
				GCC_C_LANGUAGE_STANDARD = gnu11;
				GCC_NO_COMMON_BLOCKS = YES;
				GCC_WARN_64_TO_32_BIT_CONVERSION = YES;
				GCC_WARN_ABOUT_RETURN_TYPE = YES_ERROR;
				GCC_WARN_UNDECLARED_SELECTOR = YES;
				GCC_WARN_UNINITIALIZED_AUTOS = YES_AGGRESSIVE;
				GCC_WARN_UNUSED_FUNCTION = YES;
				GCC_WARN_UNUSED_VARIABLE = YES;
				IPHONEOS_DEPLOYMENT_TARGET = 15.0;
				MTL_ENABLE_DEBUG_INFO = NO;
				MTL_FAST_MATH = YES;
				SDKROOT = iphoneos;
				SWIFT_COMPILATION_MODE = wholemodule;
				SWIFT_OPTIMIZATION_LEVEL = "-O";
				VALIDATE_PRODUCT = YES;
			};
			name = Release;
		};
		CCFCF4012754DC110073C644 /* Debug */ = {
			isa = XCBuildConfiguration;
			buildSettings = {
				ASSETCATALOG_COMPILER_APPICON_NAME = AppIcon;
				ASSETCATALOG_COMPILER_GLOBAL_ACCENT_COLOR_NAME = AccentColor;
				CODE_SIGN_STYLE = Automatic;
				CURRENT_PROJECT_VERSION = 1;
				DEVELOPMENT_TEAM = YSX47LJT9G;
				GENERATE_INFOPLIST_FILE = YES;
				INFOPLIST_FILE = IOSQuiz/Info.plist;
				INFOPLIST_KEY_UIApplicationSupportsIndirectInputEvents = YES;
				INFOPLIST_KEY_UILaunchStoryboardName = LaunchScreen;
				INFOPLIST_KEY_UIMainStoryboardFile = Main;
				INFOPLIST_KEY_UISupportedInterfaceOrientations_iPad = "UIInterfaceOrientationPortrait UIInterfaceOrientationPortraitUpsideDown UIInterfaceOrientationLandscapeLeft UIInterfaceOrientationLandscapeRight";
				INFOPLIST_KEY_UISupportedInterfaceOrientations_iPhone = "UIInterfaceOrientationPortrait UIInterfaceOrientationLandscapeLeft UIInterfaceOrientationLandscapeRight";
				LD_RUNPATH_SEARCH_PATHS = (
					"$(inherited)",
					"@executable_path/Frameworks",
				);
				MARKETING_VERSION = 1.0;
				PRODUCT_BUNDLE_IDENTIFIER = wishStar.IOSQuiz;
				PRODUCT_NAME = "$(TARGET_NAME)";
				SWIFT_EMIT_LOC_STRINGS = YES;
				SWIFT_VERSION = 5.0;
				TARGETED_DEVICE_FAMILY = "1,2";
			};
			name = Debug;
		};
		CCFCF4022754DC110073C644 /* Release */ = {
			isa = XCBuildConfiguration;
			buildSettings = {
				ASSETCATALOG_COMPILER_APPICON_NAME = AppIcon;
				ASSETCATALOG_COMPILER_GLOBAL_ACCENT_COLOR_NAME = AccentColor;
				CODE_SIGN_STYLE = Automatic;
				CURRENT_PROJECT_VERSION = 1;
				DEVELOPMENT_TEAM = YSX47LJT9G;
				GENERATE_INFOPLIST_FILE = YES;
				INFOPLIST_FILE = IOSQuiz/Info.plist;
				INFOPLIST_KEY_UIApplicationSupportsIndirectInputEvents = YES;
				INFOPLIST_KEY_UILaunchStoryboardName = LaunchScreen;
				INFOPLIST_KEY_UIMainStoryboardFile = Main;
				INFOPLIST_KEY_UISupportedInterfaceOrientations_iPad = "UIInterfaceOrientationPortrait UIInterfaceOrientationPortraitUpsideDown UIInterfaceOrientationLandscapeLeft UIInterfaceOrientationLandscapeRight";
				INFOPLIST_KEY_UISupportedInterfaceOrientations_iPhone = "UIInterfaceOrientationPortrait UIInterfaceOrientationLandscapeLeft UIInterfaceOrientationLandscapeRight";
				LD_RUNPATH_SEARCH_PATHS = (
					"$(inherited)",
					"@executable_path/Frameworks",
				);
				MARKETING_VERSION = 1.0;
				PRODUCT_BUNDLE_IDENTIFIER = wishStar.IOSQuiz;
				PRODUCT_NAME = "$(TARGET_NAME)";
				SWIFT_EMIT_LOC_STRINGS = YES;
				SWIFT_VERSION = 5.0;
				TARGETED_DEVICE_FAMILY = "1,2";
			};
			name = Release;
		};
		CCFCF4042754DC110073C644 /* Debug */ = {
			isa = XCBuildConfiguration;
			buildSettings = {
				ALWAYS_EMBED_SWIFT_STANDARD_LIBRARIES = YES;
				BUNDLE_LOADER = "$(TEST_HOST)";
				CODE_SIGN_STYLE = Automatic;
				CURRENT_PROJECT_VERSION = 1;
				DEVELOPMENT_TEAM = YSX47LJT9G;
				GENERATE_INFOPLIST_FILE = YES;
				IPHONEOS_DEPLOYMENT_TARGET = 15.0;
				LD_RUNPATH_SEARCH_PATHS = (
					"$(inherited)",
					"@executable_path/Frameworks",
					"@loader_path/Frameworks",
				);
				MARKETING_VERSION = 1.0;
				PRODUCT_BUNDLE_IDENTIFIER = wishStar.IOSQuizTests;
				PRODUCT_NAME = "$(TARGET_NAME)";
				SWIFT_EMIT_LOC_STRINGS = NO;
				SWIFT_VERSION = 5.0;
				TARGETED_DEVICE_FAMILY = "1,2";
				TEST_HOST = "$(BUILT_PRODUCTS_DIR)/IOSQuiz.app/IOSQuiz";
			};
			name = Debug;
		};
		CCFCF4052754DC110073C644 /* Release */ = {
			isa = XCBuildConfiguration;
			buildSettings = {
				ALWAYS_EMBED_SWIFT_STANDARD_LIBRARIES = YES;
				BUNDLE_LOADER = "$(TEST_HOST)";
				CODE_SIGN_STYLE = Automatic;
				CURRENT_PROJECT_VERSION = 1;
				DEVELOPMENT_TEAM = YSX47LJT9G;
				GENERATE_INFOPLIST_FILE = YES;
				IPHONEOS_DEPLOYMENT_TARGET = 15.0;
				LD_RUNPATH_SEARCH_PATHS = (
					"$(inherited)",
					"@executable_path/Frameworks",
					"@loader_path/Frameworks",
				);
				MARKETING_VERSION = 1.0;
				PRODUCT_BUNDLE_IDENTIFIER = wishStar.IOSQuizTests;
				PRODUCT_NAME = "$(TARGET_NAME)";
				SWIFT_EMIT_LOC_STRINGS = NO;
				SWIFT_VERSION = 5.0;
				TARGETED_DEVICE_FAMILY = "1,2";
				TEST_HOST = "$(BUILT_PRODUCTS_DIR)/IOSQuiz.app/IOSQuiz";
			};
			name = Release;
		};
		CCFCF4072754DC110073C644 /* Debug */ = {
			isa = XCBuildConfiguration;
			buildSettings = {
				ALWAYS_EMBED_SWIFT_STANDARD_LIBRARIES = YES;
				CODE_SIGN_STYLE = Automatic;
				CURRENT_PROJECT_VERSION = 1;
				DEVELOPMENT_TEAM = YSX47LJT9G;
				GENERATE_INFOPLIST_FILE = YES;
				LD_RUNPATH_SEARCH_PATHS = (
					"$(inherited)",
					"@executable_path/Frameworks",
					"@loader_path/Frameworks",
				);
				MARKETING_VERSION = 1.0;
				PRODUCT_BUNDLE_IDENTIFIER = wishStar.IOSQuizUITests;
				PRODUCT_NAME = "$(TARGET_NAME)";
				SWIFT_EMIT_LOC_STRINGS = NO;
				SWIFT_VERSION = 5.0;
				TARGETED_DEVICE_FAMILY = "1,2";
				TEST_TARGET_NAME = IOSQuiz;
			};
			name = Debug;
		};
		CCFCF4082754DC110073C644 /* Release */ = {
			isa = XCBuildConfiguration;
			buildSettings = {
				ALWAYS_EMBED_SWIFT_STANDARD_LIBRARIES = YES;
				CODE_SIGN_STYLE = Automatic;
				CURRENT_PROJECT_VERSION = 1;
				DEVELOPMENT_TEAM = YSX47LJT9G;
				GENERATE_INFOPLIST_FILE = YES;
				LD_RUNPATH_SEARCH_PATHS = (
					"$(inherited)",
					"@executable_path/Frameworks",
					"@loader_path/Frameworks",
				);
				MARKETING_VERSION = 1.0;
				PRODUCT_BUNDLE_IDENTIFIER = wishStar.IOSQuizUITests;
				PRODUCT_NAME = "$(TARGET_NAME)";
				SWIFT_EMIT_LOC_STRINGS = NO;
				SWIFT_VERSION = 5.0;
				TARGETED_DEVICE_FAMILY = "1,2";
				TEST_TARGET_NAME = IOSQuiz;
			};
			name = Release;
		};
/* End XCBuildConfiguration section */

/* Begin XCConfigurationList section */
		CCFCF3D12754DC0F0073C644 /* Build configuration list for PBXProject "IOSQuiz" */ = {
			isa = XCConfigurationList;
			buildConfigurations = (
				CCFCF3FE2754DC110073C644 /* Debug */,
				CCFCF3FF2754DC110073C644 /* Release */,
			);
			defaultConfigurationIsVisible = 0;
			defaultConfigurationName = Release;
		};
		CCFCF4002754DC110073C644 /* Build configuration list for PBXNativeTarget "IOSQuiz" */ = {
			isa = XCConfigurationList;
			buildConfigurations = (
				CCFCF4012754DC110073C644 /* Debug */,
				CCFCF4022754DC110073C644 /* Release */,
			);
			defaultConfigurationIsVisible = 0;
			defaultConfigurationName = Release;
		};
		CCFCF4032754DC110073C644 /* Build configuration list for PBXNativeTarget "IOSQuizTests" */ = {
			isa = XCConfigurationList;
			buildConfigurations = (
				CCFCF4042754DC110073C644 /* Debug */,
				CCFCF4052754DC110073C644 /* Release */,
			);
			defaultConfigurationIsVisible = 0;
			defaultConfigurationName = Release;
		};
		CCFCF4062754DC110073C644 /* Build configuration list for PBXNativeTarget "IOSQuizUITests" */ = {
			isa = XCConfigurationList;
			buildConfigurations = (
				CCFCF4072754DC110073C644 /* Debug */,
				CCFCF4082754DC110073C644 /* Release */,
			);
			defaultConfigurationIsVisible = 0;
			defaultConfigurationName = Release;
		};
/* End XCConfigurationList section */
	};
	rootObject = CCFCF3CE2754DC0F0073C644 /* Project object */;
}
